PODS:
  - AFNetworking (3.2.1):
    - AFNetworking/NSURLSession (= 3.2.1)
    - AFNetworking/Reachability (= 3.2.1)
    - AFNetworking/Security (= 3.2.1)
    - AFNetworking/Serialization (= 3.2.1)
    - AFNetworking/UIKit (= 3.2.1)
  - AFNetworking/NSURLSession (3.2.1):
    - AFNetworking/Reachability
    - AFNetworking/Security
    - AFNetworking/Serialization
  - AFNetworking/Reachability (3.2.1)
  - AFNetworking/Security (3.2.1)
  - AFNetworking/Serialization (3.2.1)
  - AFNetworking/UIKit (3.2.1):
    - AFNetworking/NSURLSession
  - ZZBase (0.1.1):
    - ZZBase/ZZCategray (= 0.1.1)
    - ZZBase/ZZNetwork (= 0.1.1)
  - ZZBase/ZZCategray (0.1.1)
  - ZZBase/ZZNetwork (0.1.1):
    - AFNetworking (~> 3.0)

DEPENDENCIES:
  - ZZBase (from `../`)

SPEC REPOS:
  https://github.com/cocoapods/specs.git:
    - AFNetworking

EXTERNAL SOURCES:
  ZZBase:
    :path: "../"

SPEC CHECKSUMS:
  AFNetworking: b6f891fdfaed196b46c7a83cf209e09697b94057
  ZZBase: 2a1862a0343e10792bd4f9c89211e43bb3f658ad

PODFILE CHECKSUM: ac9647f3069cb40f13e22420bd407f08658b5a6f

COCOAPODS: 1.7.5
